
Microsoft Visual Studio Solution File, Format Version 12.00
# Visual Studio Version 17
VisualStudioVersion = 17.8.34525.116
MinimumVisualStudioVersion = 10.0.40219.1
Project("{FAE04EC0-301F-11D3-BF4B-00C04F79EFBC}") = "SistemaDeControleAcademico", "SistemaDeControleAcademico\SistemaDeControleAcademico.csproj", "{A88C819A-2820-4DD9-8D77-D6FBCEA50325}"
EndProject
Global
	GlobalSection(SolutionConfigurationPlatforms) = preSolution
		Debug|Any CPU = Debug|Any CPU
		Release|Any CPU = Release|Any CPU
	EndGlobalSection
	GlobalSection(ProjectConfigurationPlatforms) = postSolution
		{A88C819A-2820-4DD9-8D77-D6FBCEA50325}.Debug|Any CPU.ActiveCfg = Debug|Any CPU
		{A88C819A-2820-4DD9-8D77-D6FBCEA50325}.Debug|Any CPU.Build.0 = Debug|Any CPU
		{A88C819A-2820-4DD9-8D77-D6FBCEA50325}.Release|Any CPU.ActiveCfg = Release|Any CPU
		{A88C819A-2820-4DD9-8D77-D6FBCEA50325}.Release|Any CPU.Build.0 = Release|Any CPU
	EndGlobalSection
	GlobalSection(SolutionProperties) = preSolution
		HideSolutionNode = FALSE
	EndGlobalSection
	GlobalSection(ExtensibilityGlobals) = postSolution
		SolutionGuid = {BC08FCEA-7484-4867-A58B-C46C0318CB31}
	EndGlobalSection
EndGlobal
